
Microsoft Visual Studio Solution File, Format Version 12.00
# Visual Studio Version 17
VisualStudioVersion = 17.8.34322.80
MinimumVisualStudioVersion = 10.0.40219.1
Project("{9A19103F-16F7-4668-BE54-9A1E7A4F7556}") = "Culinary Inspiration", "Culinary Inspiration\Culinary Inspiration.csproj", "{514E8EC4-9F8F-429C-8CA6-1BC471C1AE71}"
EndProject
Project("{9A19103F-16F7-4668-BE54-9A1E7A4F7556}") = "Domain", "Domain\Domain.csproj", "{3E8357E6-E891-4F6D-97B0-75D23861C2F2}"
EndProject
Project("{9A19103F-16F7-4668-BE54-9A1E7A4F7556}") = "DataAccess", "DataAccess\DataAccess.csproj", "{FC3E1DEB-F795-45DE-AB00-C07888121B5D}"
EndProject
Project("{FAE04EC0-301F-11D3-BF4B-00C04F79EFBC}") = "Services", "Services\Services.csproj", "{BB378958-679A-45E3-8A7F-622DAA2624C5}"
EndProject
Project("{FAE04EC0-301F-11D3-BF4B-00C04F79EFBC}") = "WebAPI", "WebAPI\WebAPI.csproj", "{97537A93-0D05-4E7B-A139-FB518524C94B}"
EndProject
Global
	GlobalSection(SolutionConfigurationPlatforms) = preSolution
		Debug|Any CPU = Debug|Any CPU
		Release|Any CPU = Release|Any CPU
	EndGlobalSection
	GlobalSection(ProjectConfigurationPlatforms) = postSolution
		{514E8EC4-9F8F-429C-8CA6-1BC471C1AE71}.Debug|Any CPU.ActiveCfg = Debug|Any CPU
		{514E8EC4-9F8F-429C-8CA6-1BC471C1AE71}.Debug|Any CPU.Build.0 = Debug|Any CPU
		{514E8EC4-9F8F-429C-8CA6-1BC471C1AE71}.Release|Any CPU.ActiveCfg = Release|Any CPU
		{514E8EC4-9F8F-429C-8CA6-1BC471C1AE71}.Release|Any CPU.Build.0 = Release|Any CPU
		{3E8357E6-E891-4F6D-97B0-75D23861C2F2}.Debug|Any CPU.ActiveCfg = Debug|Any CPU
		{3E8357E6-E891-4F6D-97B0-75D23861C2F2}.Debug|Any CPU.Build.0 = Debug|Any CPU
		{3E8357E6-E891-4F6D-97B0-75D23861C2F2}.Release|Any CPU.ActiveCfg = Release|Any CPU
		{3E8357E6-E891-4F6D-97B0-75D23861C2F2}.Release|Any CPU.Build.0 = Release|Any CPU
		{FC3E1DEB-F795-45DE-AB00-C07888121B5D}.Debug|Any CPU.ActiveCfg = Debug|Any CPU
		{FC3E1DEB-F795-45DE-AB00-C07888121B5D}.Debug|Any CPU.Build.0 = Debug|Any CPU
		{FC3E1DEB-F795-45DE-AB00-C07888121B5D}.Release|Any CPU.ActiveCfg = Release|Any CPU
		{FC3E1DEB-F795-45DE-AB00-C07888121B5D}.Release|Any CPU.Build.0 = Release|Any CPU
		{BB378958-679A-45E3-8A7F-622DAA2624C5}.Debug|Any CPU.ActiveCfg = Debug|Any CPU
		{BB378958-679A-45E3-8A7F-622DAA2624C5}.Debug|Any CPU.Build.0 = Debug|Any CPU
		{BB378958-679A-45E3-8A7F-622DAA2624C5}.Release|Any CPU.ActiveCfg = Release|Any CPU
		{BB378958-679A-45E3-8A7F-622DAA2624C5}.Release|Any CPU.Build.0 = Release|Any CPU
		{97537A93-0D05-4E7B-A139-FB518524C94B}.Debug|Any CPU.ActiveCfg = Debug|Any CPU
		{97537A93-0D05-4E7B-A139-FB518524C94B}.Debug|Any CPU.Build.0 = Debug|Any CPU
		{97537A93-0D05-4E7B-A139-FB518524C94B}.Release|Any CPU.ActiveCfg = Release|Any CPU
		{97537A93-0D05-4E7B-A139-FB518524C94B}.Release|Any CPU.Build.0 = Release|Any CPU
	EndGlobalSection
	GlobalSection(SolutionProperties) = preSolution
		HideSolutionNode = FALSE
	EndGlobalSection
	GlobalSection(ExtensibilityGlobals) = postSolution
		SolutionGuid = {75D4A021-D972-4714-A859-38A94A55FB18}
	EndGlobalSection
EndGlobal
